// !$*UTF8*$!
{
	archiveVersion = 1;
	classes = {
	};
	objectVersion = 51;
	objects = {

/* Begin PBXBuildFile section */
		4E0DB1ED24CABE9200EA2859 /* OmetriaDefaults.swift in Sources */ = {isa = PBXBuildFile; fileRef = 4E0DB1EC24CABE9200EA2859 /* OmetriaDefaults.swift */; };
		4E47423824EE6590005F1F68 /* JSONEncoder+Ometria.swift in Sources */ = {isa = PBXBuildFile; fileRef = 4E47423724EE6590005F1F68 /* JSONEncoder+Ometria.swift */; };
		4E5B2E2824ED4B470063FA50 /* NetworkService.swift in Sources */ = {isa = PBXBuildFile; fileRef = 4E5B2E2724ED4B470063FA50 /* NetworkService.swift */; };
		4E5B2E2A24ED4C320063FA50 /* Result.swift in Sources */ = {isa = PBXBuildFile; fileRef = 4E5B2E2924ED4C320063FA50 /* Result.swift */; };
		4E5B2E2E24ED4CCB0063FA50 /* APIError.swift in Sources */ = {isa = PBXBuildFile; fileRef = 4E5B2E2D24ED4CCB0063FA50 /* APIError.swift */; };
		4E88929424ED9A07002593FD /* EventsAPI.swift in Sources */ = {isa = PBXBuildFile; fileRef = 4E88929324ED9A07002593FD /* EventsAPI.swift */; };
		4E8961FA250FB1C200EEC9F6 /* Ometria.podspec in Resources */ = {isa = PBXBuildFile; fileRef = 4E8961F9250FB1C200EEC9F6 /* Ometria.podspec */; };
		4E96478524E3F90B00274FC3 /* OmetriaBasketItem.swift in Sources */ = {isa = PBXBuildFile; fileRef = 4E96478324E3F90B00274FC3 /* OmetriaBasketItem.swift */; };
		4E96478624E3F90B00274FC3 /* OmetriaBasket.swift in Sources */ = {isa = PBXBuildFile; fileRef = 4E96478424E3F90B00274FC3 /* OmetriaBasket.swift */; };
		4E96AB4824D30ADB00623FA6 /* AutomaticScreenViewsTracker.swift in Sources */ = {isa = PBXBuildFile; fileRef = 4E96AB4724D30ADB00623FA6 /* AutomaticScreenViewsTracker.swift */; };
		4E96AB4F24D4927900623FA6 /* NotificationHandler.swift in Sources */ = {isa = PBXBuildFile; fileRef = 4E96AB4E24D4927900623FA6 /* NotificationHandler.swift */; };
		4EA10CE524ED5A97007FF49D /* JSONDecoder+KeyPath.swift in Sources */ = {isa = PBXBuildFile; fileRef = 4EA10CE424ED5A97007FF49D /* JSONDecoder+KeyPath.swift */; };
		4EA10CE724ED70AB007FF49D /* ParamEncoder.swift in Sources */ = {isa = PBXBuildFile; fileRef = 4EA10CE624ED70AB007FF49D /* ParamEncoder.swift */; };
		4EA10CED24ED73B9007FF49D /* OmetriaError.swift in Sources */ = {isa = PBXBuildFile; fileRef = 4EA10CEC24ED73B9007FF49D /* OmetriaError.swift */; };
		4EBDBF8D24C1906600AB8DCE /* Swizzler.swift in Sources */ = {isa = PBXBuildFile; fileRef = 4EBDBF8C24C1906600AB8DCE /* Swizzler.swift */; };
		4EBDBF9224C1A76D00AB8DCE /* AutomaticPushTracker.swift in Sources */ = {isa = PBXBuildFile; fileRef = 4EBDBF9124C1A76D00AB8DCE /* AutomaticPushTracker.swift */; };
		4EBDBF9824C5F0AC00AB8DCE /* UserNotifications.framework in Frameworks */ = {isa = PBXBuildFile; fileRef = 4EBDBF9624C5EFFC00AB8DCE /* UserNotifications.framework */; };
		4EC94EDC24B8B9ED00B8591C /* Ometria.swift in Sources */ = {isa = PBXBuildFile; fileRef = 4EC94EDB24B8B9ED00B8591C /* Ometria.swift */; };
		4EC94EDE24B8BCFB00B8591C /* OmetriaConfig.swift in Sources */ = {isa = PBXBuildFile; fileRef = 4EC94EDD24B8BCFB00B8591C /* OmetriaConfig.swift */; };
		4EDB190224B5E9D600CFE550 /* Ometria.h in Headers */ = {isa = PBXBuildFile; fileRef = 4EDB18F424B5E9D500CFE550 /* Ometria.h */; settings = {ATTRIBUTES = (Public, ); }; };
		4EE7A8C824C81BC600B316A7 /* AutomaticLifecycleTracker.swift in Sources */ = {isa = PBXBuildFile; fileRef = 4EE7A8C724C81BC600B316A7 /* AutomaticLifecycleTracker.swift */; };
		4EE7A8CA24C81BDD00B316A7 /* ApplicationUtils.swift in Sources */ = {isa = PBXBuildFile; fileRef = 4EE7A8C924C81BDD00B316A7 /* ApplicationUtils.swift */; };
		4EE7A8CE24C82E3D00B316A7 /* Logger.swift in Sources */ = {isa = PBXBuildFile; fileRef = 4EE7A8CD24C82E3D00B316A7 /* Logger.swift */; };
		4EE7A8D024C8483600B316A7 /* ReadWriteLock.swift in Sources */ = {isa = PBXBuildFile; fileRef = 4EE7A8CF24C8483600B316A7 /* ReadWriteLock.swift */; };
		4EE7A8D324C88F0500B316A7 /* OmetriaEvent.swift in Sources */ = {isa = PBXBuildFile; fileRef = 4EE7A8D224C88F0500B316A7 /* OmetriaEvent.swift */; };
		4EF3710A24F39C4B00450B52 /* Array+Chunks.swift in Sources */ = {isa = PBXBuildFile; fileRef = 4EF3710924F39C4B00450B52 /* Array+Chunks.swift */; };
		4EF3710D24F56D0E00450B52 /* Constants.swift in Sources */ = {isa = PBXBuildFile; fileRef = 4EF3710C24F56D0E00450B52 /* Constants.swift */; };
		4EF3711224F7912D00450B52 /* OmetriaNotificationBody.swift in Sources */ = {isa = PBXBuildFile; fileRef = 4EF3711124F7912C00450B52 /* OmetriaNotificationBody.swift */; };
		4EF3711424F8468B00450B52 /* OmetriaNotificationServiceExtension.swift in Sources */ = {isa = PBXBuildFile; fileRef = 4EF3711324F8468B00450B52 /* OmetriaNotificationServiceExtension.swift */; };
		4EFF18B624EA55690020389A /* JSONCache.swift in Sources */ = {isa = PBXBuildFile; fileRef = 4EFF18B524EA55690020389A /* JSONCache.swift */; };
		4EFF18B824EA559A0020389A /* CodableCaching.swift in Sources */ = {isa = PBXBuildFile; fileRef = 4EFF18B724EA559A0020389A /* CodableCaching.swift */; };
		4EFF18BB24EA63230020389A /* EventHandler.swift in Sources */ = {isa = PBXBuildFile; fileRef = 4EFF18BA24EA63230020389A /* EventHandler.swift */; };
/* End PBXBuildFile section */

/* Begin PBXFileReference section */
		4E0DB1EC24CABE9200EA2859 /* OmetriaDefaults.swift */ = {isa = PBXFileReference; lastKnownFileType = sourcecode.swift; path = OmetriaDefaults.swift; sourceTree = "<group>"; };
		4E47423724EE6590005F1F68 /* JSONEncoder+Ometria.swift */ = {isa = PBXFileReference; lastKnownFileType = sourcecode.swift; path = "JSONEncoder+Ometria.swift"; sourceTree = "<group>"; };
		4E5B2E2724ED4B470063FA50 /* NetworkService.swift */ = {isa = PBXFileReference; lastKnownFileType = sourcecode.swift; path = NetworkService.swift; sourceTree = "<group>"; };
		4E5B2E2924ED4C320063FA50 /* Result.swift */ = {isa = PBXFileReference; lastKnownFileType = sourcecode.swift; path = Result.swift; sourceTree = "<group>"; };
		4E5B2E2D24ED4CCB0063FA50 /* APIError.swift */ = {isa = PBXFileReference; lastKnownFileType = sourcecode.swift; path = APIError.swift; sourceTree = "<group>"; };
		4E88929324ED9A07002593FD /* EventsAPI.swift */ = {isa = PBXFileReference; lastKnownFileType = sourcecode.swift; path = EventsAPI.swift; sourceTree = "<group>"; };
		4E8961F9250FB1C200EEC9F6 /* Ometria.podspec */ = {isa = PBXFileReference; fileEncoding = 4; lastKnownFileType = text; path = Ometria.podspec; sourceTree = "<group>"; };
		4E96478324E3F90B00274FC3 /* OmetriaBasketItem.swift */ = {isa = PBXFileReference; fileEncoding = 4; lastKnownFileType = sourcecode.swift; path = OmetriaBasketItem.swift; sourceTree = "<group>"; };
		4E96478424E3F90B00274FC3 /* OmetriaBasket.swift */ = {isa = PBXFileReference; fileEncoding = 4; lastKnownFileType = sourcecode.swift; path = OmetriaBasket.swift; sourceTree = "<group>"; };
		4E96AB4724D30ADB00623FA6 /* AutomaticScreenViewsTracker.swift */ = {isa = PBXFileReference; lastKnownFileType = sourcecode.swift; path = AutomaticScreenViewsTracker.swift; sourceTree = "<group>"; };
		4E96AB4E24D4927900623FA6 /* NotificationHandler.swift */ = {isa = PBXFileReference; lastKnownFileType = sourcecode.swift; path = NotificationHandler.swift; sourceTree = "<group>"; };
		4EA10CE424ED5A97007FF49D /* JSONDecoder+KeyPath.swift */ = {isa = PBXFileReference; lastKnownFileType = sourcecode.swift; path = "JSONDecoder+KeyPath.swift"; sourceTree = "<group>"; };
		4EA10CE624ED70AB007FF49D /* ParamEncoder.swift */ = {isa = PBXFileReference; lastKnownFileType = sourcecode.swift; path = ParamEncoder.swift; sourceTree = "<group>"; };
		4EA10CEC24ED73B9007FF49D /* OmetriaError.swift */ = {isa = PBXFileReference; fileEncoding = 4; lastKnownFileType = sourcecode.swift; path = OmetriaError.swift; sourceTree = "<group>"; };
		4EBDBF8C24C1906600AB8DCE /* Swizzler.swift */ = {isa = PBXFileReference; lastKnownFileType = sourcecode.swift; path = Swizzler.swift; sourceTree = "<group>"; };
		4EBDBF9124C1A76D00AB8DCE /* AutomaticPushTracker.swift */ = {isa = PBXFileReference; lastKnownFileType = sourcecode.swift; path = AutomaticPushTracker.swift; sourceTree = "<group>"; };
		4EBDBF9624C5EFFC00AB8DCE /* UserNotifications.framework */ = {isa = PBXFileReference; lastKnownFileType = wrapper.framework; name = UserNotifications.framework; path = Platforms/MacOSX.platform/Developer/SDKs/MacOSX10.15.sdk/System/Library/Frameworks/UserNotifications.framework; sourceTree = DEVELOPER_DIR; };
		4EC94EDB24B8B9ED00B8591C /* Ometria.swift */ = {isa = PBXFileReference; lastKnownFileType = sourcecode.swift; path = Ometria.swift; sourceTree = "<group>"; };
		4EC94EDD24B8BCFB00B8591C /* OmetriaConfig.swift */ = {isa = PBXFileReference; lastKnownFileType = sourcecode.swift; path = OmetriaConfig.swift; sourceTree = "<group>"; };
		4EDB18F124B5E9D500CFE550 /* Ometria.framework */ = {isa = PBXFileReference; explicitFileType = wrapper.framework; includeInIndex = 0; path = Ometria.framework; sourceTree = BUILT_PRODUCTS_DIR; };
		4EDB18F424B5E9D500CFE550 /* Ometria.h */ = {isa = PBXFileReference; lastKnownFileType = sourcecode.c.h; path = Ometria.h; sourceTree = "<group>"; };
		4EDB18F524B5E9D500CFE550 /* Info.plist */ = {isa = PBXFileReference; lastKnownFileType = text.plist.xml; path = Info.plist; sourceTree = "<group>"; };
		4EE7A8C724C81BC600B316A7 /* AutomaticLifecycleTracker.swift */ = {isa = PBXFileReference; fileEncoding = 4; lastKnownFileType = sourcecode.swift; path = AutomaticLifecycleTracker.swift; sourceTree = "<group>"; };
		4EE7A8C924C81BDD00B316A7 /* ApplicationUtils.swift */ = {isa = PBXFileReference; fileEncoding = 4; lastKnownFileType = sourcecode.swift; path = ApplicationUtils.swift; sourceTree = "<group>"; };
		4EE7A8CD24C82E3D00B316A7 /* Logger.swift */ = {isa = PBXFileReference; lastKnownFileType = sourcecode.swift; path = Logger.swift; sourceTree = "<group>"; };
		4EE7A8CF24C8483600B316A7 /* ReadWriteLock.swift */ = {isa = PBXFileReference; lastKnownFileType = sourcecode.swift; path = ReadWriteLock.swift; sourceTree = "<group>"; };
		4EE7A8D224C88F0500B316A7 /* OmetriaEvent.swift */ = {isa = PBXFileReference; lastKnownFileType = sourcecode.swift; path = OmetriaEvent.swift; sourceTree = "<group>"; };
		4EF3710924F39C4B00450B52 /* Array+Chunks.swift */ = {isa = PBXFileReference; lastKnownFileType = sourcecode.swift; path = "Array+Chunks.swift"; sourceTree = "<group>"; };
		4EF3710C24F56D0E00450B52 /* Constants.swift */ = {isa = PBXFileReference; lastKnownFileType = sourcecode.swift; path = Constants.swift; sourceTree = "<group>"; };
		4EF3711124F7912C00450B52 /* OmetriaNotificationBody.swift */ = {isa = PBXFileReference; fileEncoding = 4; lastKnownFileType = sourcecode.swift; path = OmetriaNotificationBody.swift; sourceTree = "<group>"; };
		4EF3711324F8468B00450B52 /* OmetriaNotificationServiceExtension.swift */ = {isa = PBXFileReference; lastKnownFileType = sourcecode.swift; path = OmetriaNotificationServiceExtension.swift; sourceTree = "<group>"; };
		4EFF18B524EA55690020389A /* JSONCache.swift */ = {isa = PBXFileReference; lastKnownFileType = sourcecode.swift; path = JSONCache.swift; sourceTree = "<group>"; };
		4EFF18B724EA559A0020389A /* CodableCaching.swift */ = {isa = PBXFileReference; lastKnownFileType = sourcecode.swift; path = CodableCaching.swift; sourceTree = "<group>"; };
		4EFF18BA24EA63230020389A /* EventHandler.swift */ = {isa = PBXFileReference; lastKnownFileType = sourcecode.swift; path = EventHandler.swift; sourceTree = "<group>"; };
		7F5D7686F934DEAE653B4617 /* Pods_Ometria.framework */ = {isa = PBXFileReference; explicitFileType = wrapper.framework; includeInIndex = 0; path = Pods_Ometria.framework; sourceTree = BUILT_PRODUCTS_DIR; };
/* End PBXFileReference section */

/* Begin PBXFrameworksBuildPhase section */
		4EDB18EE24B5E9D500CFE550 /* Frameworks */ = {
			isa = PBXFrameworksBuildPhase;
			buildActionMask = 2147483647;
			files = (
				4EBDBF9824C5F0AC00AB8DCE /* UserNotifications.framework in Frameworks */,
			);
			runOnlyForDeploymentPostprocessing = 0;
		};
/* End PBXFrameworksBuildPhase section */

/* Begin PBXGroup section */
		4E567CBE250F7A7A00D68DEB /* Util */ = {
			isa = PBXGroup;
			children = (
				4EA10CE424ED5A97007FF49D /* JSONDecoder+KeyPath.swift */,
				4E47423724EE6590005F1F68 /* JSONEncoder+Ometria.swift */,
				4EE7A8C924C81BDD00B316A7 /* ApplicationUtils.swift */,
				4EF3710924F39C4B00450B52 /* Array+Chunks.swift */,
				4EF3710C24F56D0E00450B52 /* Constants.swift */,
			);
			name = Util;
			sourceTree = "<group>";
		};
		4E567CBF250F7AA100D68DEB /* Error */ = {
			isa = PBXGroup;
			children = (
				4EA10CEC24ED73B9007FF49D /* OmetriaError.swift */,
			);
			name = Error;
			sourceTree = "<group>";
		};
		4E567CC0250F7AAD00D68DEB /* Network */ = {
			isa = PBXGroup;
			children = (
				4E88929324ED9A07002593FD /* EventsAPI.swift */,
				4E5B2E2724ED4B470063FA50 /* NetworkService.swift */,
				4EA10CE624ED70AB007FF49D /* ParamEncoder.swift */,
				4E5B2E2924ED4C320063FA50 /* Result.swift */,
				4E5B2E2D24ED4CCB0063FA50 /* APIError.swift */,
			);
			name = Network;
			sourceTree = "<group>";
		};
		4E567CC1250F7AC100D68DEB /* Event Handling */ = {
			isa = PBXGroup;
			children = (
				4EFF18BA24EA63230020389A /* EventHandler.swift */,
			);
			name = "Event Handling";
			sourceTree = "<group>";
		};
		4E567CC2250F7AD200D68DEB /* Notification Handling */ = {
			isa = PBXGroup;
			children = (
				4E96AB4E24D4927900623FA6 /* NotificationHandler.swift */,
				4EF3711324F8468B00450B52 /* OmetriaNotificationServiceExtension.swift */,
			);
			name = "Notification Handling";
			sourceTree = "<group>";
		};
		4E567CC4250F7AEB00D68DEB /* Cache */ = {
			isa = PBXGroup;
			children = (
				4E0DB1EC24CABE9200EA2859 /* OmetriaDefaults.swift */,
				4EFF18B524EA55690020389A /* JSONCache.swift */,
				4EFF18B724EA559A0020389A /* CodableCaching.swift */,
			);
			name = Cache;
			sourceTree = "<group>";
		};
		4E567CC6250F7B1800D68DEB /* Model */ = {
			isa = PBXGroup;
			children = (
				4E96478424E3F90B00274FC3 /* OmetriaBasket.swift */,
				4E96478324E3F90B00274FC3 /* OmetriaBasketItem.swift */,
				4EE7A8D224C88F0500B316A7 /* OmetriaEvent.swift */,
				4EF3711124F7912C00450B52 /* OmetriaNotificationBody.swift */,
			);
			name = Model;
			sourceTree = "<group>";
		};
		4E567CC7250F7B2800D68DEB /* Logger */ = {
			isa = PBXGroup;
			children = (
				4EE7A8CD24C82E3D00B316A7 /* Logger.swift */,
				4EE7A8CF24C8483600B316A7 /* ReadWriteLock.swift */,
			);
			name = Logger;
			sourceTree = "<group>";
		};
		4E567CC8250F7B3E00D68DEB /* Automatic Tracking */ = {
			isa = PBXGroup;
			children = (
				4EBDBF8C24C1906600AB8DCE /* Swizzler.swift */,
				4E567CCB250F7B5700D68DEB /* Push Notifications */,
				4E567CCA250F7B4F00D68DEB /* App Lifecycle */,
				4E567CC9250F7B4900D68DEB /* Screen Views */,
			);
			name = "Automatic Tracking";
			sourceTree = "<group>";
		};
		4E567CC9250F7B4900D68DEB /* Screen Views */ = {
			isa = PBXGroup;
			children = (
				4E96AB4724D30ADB00623FA6 /* AutomaticScreenViewsTracker.swift */,
			);
			name = "Screen Views";
			sourceTree = "<group>";
		};
		4E567CCA250F7B4F00D68DEB /* App Lifecycle */ = {
			isa = PBXGroup;
			children = (
				4EE7A8C724C81BC600B316A7 /* AutomaticLifecycleTracker.swift */,
			);
			name = "App Lifecycle";
			sourceTree = "<group>";
		};
		4E567CCB250F7B5700D68DEB /* Push Notifications */ = {
			isa = PBXGroup;
			children = (
				4EBDBF9124C1A76D00AB8DCE /* AutomaticPushTracker.swift */,
			);
			name = "Push Notifications";
			sourceTree = "<group>";
		};
		4E567CCC250F7B7C00D68DEB /* Configuration */ = {
			isa = PBXGroup;
			children = (
				4EC94EDD24B8BCFB00B8591C /* OmetriaConfig.swift */,
			);
			name = Configuration;
			sourceTree = "<group>";
		};
		4EBDBF9524C5EFFB00AB8DCE /* Frameworks */ = {
			isa = PBXGroup;
			children = (
				4EBDBF9624C5EFFC00AB8DCE /* UserNotifications.framework */,
				7F5D7686F934DEAE653B4617 /* Pods_Ometria.framework */,
			);
			name = Frameworks;
			sourceTree = "<group>";
		};
		4EC94EDA24B8B94C00B8591C /* Source */ = {
			isa = PBXGroup;
			children = (
				4E567CCC250F7B7C00D68DEB /* Configuration */,
				4E567CC8250F7B3E00D68DEB /* Automatic Tracking */,
				4E567CC7250F7B2800D68DEB /* Logger */,
				4E567CC6250F7B1800D68DEB /* Model */,
				4E567CC4250F7AEB00D68DEB /* Cache */,
				4E567CC2250F7AD200D68DEB /* Notification Handling */,
				4E567CC1250F7AC100D68DEB /* Event Handling */,
				4E567CC0250F7AAD00D68DEB /* Network */,
				4E567CBF250F7AA100D68DEB /* Error */,
				4E567CBE250F7A7A00D68DEB /* Util */,
				4EC94EDB24B8B9ED00B8591C /* Ometria.swift */,
			);
			path = Source;
			sourceTree = "<group>";
		};
		4EDB18E724B5E9D500CFE550 = {
			isa = PBXGroup;
			children = (
				4E8961F9250FB1C200EEC9F6 /* Ometria.podspec */,
				4EDB18F324B5E9D500CFE550 /* Ometria */,
				4EDB18F224B5E9D500CFE550 /* Products */,
				4EBDBF9524C5EFFB00AB8DCE /* Frameworks */,
			);
			sourceTree = "<group>";
		};
		4EDB18F224B5E9D500CFE550 /* Products */ = {
			isa = PBXGroup;
			children = (
				4EDB18F124B5E9D500CFE550 /* Ometria.framework */,
			);
			name = Products;
			sourceTree = "<group>";
		};
		4EDB18F324B5E9D500CFE550 /* Ometria */ = {
			isa = PBXGroup;
			children = (
				4EC94EDA24B8B94C00B8591C /* Source */,
				4EDB190B24B62E5100CFE550 /* Supporting Files */,
			);
			path = Ometria;
			sourceTree = "<group>";
		};
		4EDB190B24B62E5100CFE550 /* Supporting Files */ = {
			isa = PBXGroup;
			children = (
				4EDB18F424B5E9D500CFE550 /* Ometria.h */,
				4EDB18F524B5E9D500CFE550 /* Info.plist */,
			);
			path = "Supporting Files";
			sourceTree = "<group>";
		};
/* End PBXGroup section */

/* Begin PBXHeadersBuildPhase section */
		4EDB18EC24B5E9D500CFE550 /* Headers */ = {
			isa = PBXHeadersBuildPhase;
			buildActionMask = 2147483647;
			files = (
				4EDB190224B5E9D600CFE550 /* Ometria.h in Headers */,
			);
			runOnlyForDeploymentPostprocessing = 0;
		};
/* End PBXHeadersBuildPhase section */

/* Begin PBXNativeTarget section */
		4EDB18F024B5E9D500CFE550 /* Ometria */ = {
			isa = PBXNativeTarget;
			buildConfigurationList = 4EDB190524B5E9D600CFE550 /* Build configuration list for PBXNativeTarget "Ometria" */;
			buildPhases = (
				4EDB18EC24B5E9D500CFE550 /* Headers */,
				4EDB18ED24B5E9D500CFE550 /* Sources */,
				4EDB18EE24B5E9D500CFE550 /* Frameworks */,
				4EDB18EF24B5E9D500CFE550 /* Resources */,
			);
			buildRules = (
			);
			dependencies = (
			);
			name = Ometria;
			productName = Ometria;
			productReference = 4EDB18F124B5E9D500CFE550 /* Ometria.framework */;
			productType = "com.apple.product-type.framework";
		};
/* End PBXNativeTarget section */

/* Begin PBXProject section */
		4EDB18E824B5E9D500CFE550 /* Project object */ = {
			isa = PBXProject;
			attributes = {
				LastSwiftUpdateCheck = 1120;
				LastUpgradeCheck = 1120;
				ORGANIZATIONNAME = Cata;
				TargetAttributes = {
					4EDB18F024B5E9D500CFE550 = {
						CreatedOnToolsVersion = 11.2.1;
						LastSwiftMigration = 1120;
					};
				};
			};
			buildConfigurationList = 4EDB18EB24B5E9D500CFE550 /* Build configuration list for PBXProject "Ometria" */;
			compatibilityVersion = "Xcode 10.0";
			developmentRegion = en;
			hasScannedForEncodings = 0;
			knownRegions = (
				en,
				Base,
			);
			mainGroup = 4EDB18E724B5E9D500CFE550;
			productRefGroup = 4EDB18F224B5E9D500CFE550 /* Products */;
			projectDirPath = "";
			projectRoot = "";
			targets = (
				4EDB18F024B5E9D500CFE550 /* Ometria */,
			);
		};
/* End PBXProject section */

/* Begin PBXResourcesBuildPhase section */
		4EDB18EF24B5E9D500CFE550 /* Resources */ = {
			isa = PBXResourcesBuildPhase;
			buildActionMask = 2147483647;
			files = (
				4E8961FA250FB1C200EEC9F6 /* Ometria.podspec in Resources */,
			);
			runOnlyForDeploymentPostprocessing = 0;
		};
/* End PBXResourcesBuildPhase section */

/* Begin PBXSourcesBuildPhase section */
		4EDB18ED24B5E9D500CFE550 /* Sources */ = {
			isa = PBXSourcesBuildPhase;
			buildActionMask = 2147483647;
			files = (
				4EE7A8D024C8483600B316A7 /* ReadWriteLock.swift in Sources */,
				4E88929424ED9A07002593FD /* EventsAPI.swift in Sources */,
				4E96AB4F24D4927900623FA6 /* NotificationHandler.swift in Sources */,
				4E0DB1ED24CABE9200EA2859 /* OmetriaDefaults.swift in Sources */,
				4EE7A8D324C88F0500B316A7 /* OmetriaEvent.swift in Sources */,
				4E5B2E2824ED4B470063FA50 /* NetworkService.swift in Sources */,
				4EC94EDE24B8BCFB00B8591C /* OmetriaConfig.swift in Sources */,
				4E96478624E3F90B00274FC3 /* OmetriaBasket.swift in Sources */,
				4EFF18B824EA559A0020389A /* CodableCaching.swift in Sources */,
				4EA10CE724ED70AB007FF49D /* ParamEncoder.swift in Sources */,
				4EF3711224F7912D00450B52 /* OmetriaNotificationBody.swift in Sources */,
				4E5B2E2E24ED4CCB0063FA50 /* APIError.swift in Sources */,
				4EA10CED24ED73B9007FF49D /* OmetriaError.swift in Sources */,
				4EC94EDC24B8B9ED00B8591C /* Ometria.swift in Sources */,
				4EA10CE524ED5A97007FF49D /* JSONDecoder+KeyPath.swift in Sources */,
				4E5B2E2A24ED4C320063FA50 /* Result.swift in Sources */,
				4EF3710A24F39C4B00450B52 /* Array+Chunks.swift in Sources */,
				4E96478524E3F90B00274FC3 /* OmetriaBasketItem.swift in Sources */,
				4E96AB4824D30ADB00623FA6 /* AutomaticScreenViewsTracker.swift in Sources */,
				4EE7A8CA24C81BDD00B316A7 /* ApplicationUtils.swift in Sources */,
				4EBDBF8D24C1906600AB8DCE /* Swizzler.swift in Sources */,
				4EFF18BB24EA63230020389A /* EventHandler.swift in Sources */,
				4EE7A8CE24C82E3D00B316A7 /* Logger.swift in Sources */,
				4EFF18B624EA55690020389A /* JSONCache.swift in Sources */,
				4EE7A8C824C81BC600B316A7 /* AutomaticLifecycleTracker.swift in Sources */,
				4EBDBF9224C1A76D00AB8DCE /* AutomaticPushTracker.swift in Sources */,
				4E47423824EE6590005F1F68 /* JSONEncoder+Ometria.swift in Sources */,
				4EF3711424F8468B00450B52 /* OmetriaNotificationServiceExtension.swift in Sources */,
				4EF3710D24F56D0E00450B52 /* Constants.swift in Sources */,
			);
			runOnlyForDeploymentPostprocessing = 0;
		};
/* End PBXSourcesBuildPhase section */

/* Begin XCBuildConfiguration section */
		4EDB190324B5E9D600CFE550 /* Debug */ = {
			isa = XCBuildConfiguration;
			buildSettings = {
				ALWAYS_SEARCH_USER_PATHS = NO;
				CLANG_ANALYZER_NONNULL = YES;
				CLANG_ANALYZER_NUMBER_OBJECT_CONVERSION = YES_AGGRESSIVE;
				CLANG_CXX_LANGUAGE_STANDARD = "gnu++14";
				CLANG_CXX_LIBRARY = "libc++";
				CLANG_ENABLE_MODULES = YES;
				CLANG_ENABLE_OBJC_ARC = YES;
				CLANG_ENABLE_OBJC_WEAK = YES;
				CLANG_WARN_BLOCK_CAPTURE_AUTORELEASING = YES;
				CLANG_WARN_BOOL_CONVERSION = YES;
				CLANG_WARN_COMMA = YES;
				CLANG_WARN_CONSTANT_CONVERSION = YES;
				CLANG_WARN_DEPRECATED_OBJC_IMPLEMENTATIONS = YES;
				CLANG_WARN_DIRECT_OBJC_ISA_USAGE = YES_ERROR;
				CLANG_WARN_DOCUMENTATION_COMMENTS = YES;
				CLANG_WARN_EMPTY_BODY = YES;
				CLANG_WARN_ENUM_CONVERSION = YES;
				CLANG_WARN_INFINITE_RECURSION = YES;
				CLANG_WARN_INT_CONVERSION = YES;
				CLANG_WARN_NON_LITERAL_NULL_CONVERSION = YES;
				CLANG_WARN_OBJC_IMPLICIT_RETAIN_SELF = YES;
				CLANG_WARN_OBJC_LITERAL_CONVERSION = YES;
				CLANG_WARN_OBJC_ROOT_CLASS = YES_ERROR;
				CLANG_WARN_RANGE_LOOP_ANALYSIS = YES;
				CLANG_WARN_STRICT_PROTOTYPES = YES;
				CLANG_WARN_SUSPICIOUS_MOVE = YES;
				CLANG_WARN_UNGUARDED_AVAILABILITY = YES_AGGRESSIVE;
				CLANG_WARN_UNREACHABLE_CODE = YES;
				CLANG_WARN__DUPLICATE_METHOD_MATCH = YES;
				COPY_PHASE_STRIP = NO;
				CURRENT_PROJECT_VERSION = 1;
				DEBUG_INFORMATION_FORMAT = dwarf;
				ENABLE_STRICT_OBJC_MSGSEND = YES;
				ENABLE_TESTABILITY = YES;
				GCC_C_LANGUAGE_STANDARD = gnu11;
				GCC_DYNAMIC_NO_PIC = NO;
				GCC_NO_COMMON_BLOCKS = YES;
				GCC_OPTIMIZATION_LEVEL = 0;
				GCC_PREPROCESSOR_DEFINITIONS = (
					"DEBUG=1",
					"$(inherited)",
				);
				GCC_WARN_64_TO_32_BIT_CONVERSION = YES;
				GCC_WARN_ABOUT_RETURN_TYPE = YES_ERROR;
				GCC_WARN_UNDECLARED_SELECTOR = YES;
				GCC_WARN_UNINITIALIZED_AUTOS = YES_AGGRESSIVE;
				GCC_WARN_UNUSED_FUNCTION = YES;
				GCC_WARN_UNUSED_VARIABLE = YES;
				IPHONEOS_DEPLOYMENT_TARGET = 13.2;
				MTL_ENABLE_DEBUG_INFO = INCLUDE_SOURCE;
				MTL_FAST_MATH = YES;
				ONLY_ACTIVE_ARCH = YES;
				SDKROOT = iphoneos;
				SWIFT_ACTIVE_COMPILATION_CONDITIONS = DEBUG;
				SWIFT_OPTIMIZATION_LEVEL = "-Onone";
				VERSIONING_SYSTEM = "apple-generic";
				VERSION_INFO_PREFIX = "";
			};
			name = Debug;
		};
		4EDB190424B5E9D600CFE550 /* Release */ = {
			isa = XCBuildConfiguration;
			buildSettings = {
				ALWAYS_SEARCH_USER_PATHS = NO;
				CLANG_ANALYZER_NONNULL = YES;
				CLANG_ANALYZER_NUMBER_OBJECT_CONVERSION = YES_AGGRESSIVE;
				CLANG_CXX_LANGUAGE_STANDARD = "gnu++14";
				CLANG_CXX_LIBRARY = "libc++";
				CLANG_ENABLE_MODULES = YES;
				CLANG_ENABLE_OBJC_ARC = YES;
				CLANG_ENABLE_OBJC_WEAK = YES;
				CLANG_WARN_BLOCK_CAPTURE_AUTORELEASING = YES;
				CLANG_WARN_BOOL_CONVERSION = YES;
				CLANG_WARN_COMMA = YES;
				CLANG_WARN_CONSTANT_CONVERSION = YES;
				CLANG_WARN_DEPRECATED_OBJC_IMPLEMENTATIONS = YES;
				CLANG_WARN_DIRECT_OBJC_ISA_USAGE = YES_ERROR;
				CLANG_WARN_DOCUMENTATION_COMMENTS = YES;
				CLANG_WARN_EMPTY_BODY = YES;
				CLANG_WARN_ENUM_CONVERSION = YES;
				CLANG_WARN_INFINITE_RECURSION = YES;
				CLANG_WARN_INT_CONVERSION = YES;
				CLANG_WARN_NON_LITERAL_NULL_CONVERSION = YES;
				CLANG_WARN_OBJC_IMPLICIT_RETAIN_SELF = YES;
				CLANG_WARN_OBJC_LITERAL_CONVERSION = YES;
				CLANG_WARN_OBJC_ROOT_CLASS = YES_ERROR;
				CLANG_WARN_RANGE_LOOP_ANALYSIS = YES;
				CLANG_WARN_STRICT_PROTOTYPES = YES;
				CLANG_WARN_SUSPICIOUS_MOVE = YES;
				CLANG_WARN_UNGUARDED_AVAILABILITY = YES_AGGRESSIVE;
				CLANG_WARN_UNREACHABLE_CODE = YES;
				CLANG_WARN__DUPLICATE_METHOD_MATCH = YES;
				COPY_PHASE_STRIP = NO;
				CURRENT_PROJECT_VERSION = 1;
				DEBUG_INFORMATION_FORMAT = "dwarf-with-dsym";
				ENABLE_NS_ASSERTIONS = NO;
				ENABLE_STRICT_OBJC_MSGSEND = YES;
				GCC_C_LANGUAGE_STANDARD = gnu11;
				GCC_NO_COMMON_BLOCKS = YES;
				GCC_WARN_64_TO_32_BIT_CONVERSION = YES;
				GCC_WARN_ABOUT_RETURN_TYPE = YES_ERROR;
				GCC_WARN_UNDECLARED_SELECTOR = YES;
				GCC_WARN_UNINITIALIZED_AUTOS = YES_AGGRESSIVE;
				GCC_WARN_UNUSED_FUNCTION = YES;
				GCC_WARN_UNUSED_VARIABLE = YES;
				IPHONEOS_DEPLOYMENT_TARGET = 13.2;
				MTL_ENABLE_DEBUG_INFO = NO;
				MTL_FAST_MATH = YES;
				SDKROOT = iphoneos;
				SWIFT_COMPILATION_MODE = wholemodule;
				SWIFT_OPTIMIZATION_LEVEL = "-O";
				VALIDATE_PRODUCT = YES;
				VERSIONING_SYSTEM = "apple-generic";
				VERSION_INFO_PREFIX = "";
			};
			name = Release;
		};
		4EDB190624B5E9D600CFE550 /* Debug */ = {
			isa = XCBuildConfiguration;
			buildSettings = {
				CLANG_ENABLE_MODULES = YES;
				CODE_SIGN_STYLE = Automatic;
				DEFINES_MODULE = YES;
				DEVELOPMENT_TEAM = G7T599BH7B;
				DYLIB_COMPATIBILITY_VERSION = 1;
				DYLIB_CURRENT_VERSION = 1;
				DYLIB_INSTALL_NAME_BASE = "@rpath";
				INFOPLIST_FILE = "Ometria/Supporting Files/Info.plist";
				INSTALL_PATH = "$(LOCAL_LIBRARY_DIR)/Frameworks";
				LD_RUNPATH_SEARCH_PATHS = (
					"$(inherited)",
					"@executable_path/Frameworks",
					"@loader_path/Frameworks",
				);
				MARKETING_VERSION = 1.0.2;
				PRODUCT_BUNDLE_IDENTIFIER = com.ometria.Ometria;
				PRODUCT_NAME = "$(TARGET_NAME:c99extidentifier)";
				SKIP_INSTALL = YES;
				SWIFT_OPTIMIZATION_LEVEL = "-Onone";
				SWIFT_VERSION = 5.0;
				TARGETED_DEVICE_FAMILY = "1,2";
			};
			name = Debug;
		};
		4EDB190724B5E9D600CFE550 /* Release */ = {
			isa = XCBuildConfiguration;
			buildSettings = {
				CLANG_ENABLE_MODULES = YES;
				CODE_SIGN_STYLE = Automatic;
				DEFINES_MODULE = YES;
				DEVELOPMENT_TEAM = G7T599BH7B;
				DYLIB_COMPATIBILITY_VERSION = 1;
				DYLIB_CURRENT_VERSION = 1;
				DYLIB_INSTALL_NAME_BASE = "@rpath";
				INFOPLIST_FILE = "Ometria/Supporting Files/Info.plist";
				INSTALL_PATH = "$(LOCAL_LIBRARY_DIR)/Frameworks";
				LD_RUNPATH_SEARCH_PATHS = (
					"$(inherited)",
					"@executable_path/Frameworks",
					"@loader_path/Frameworks",
				);
				MARKETING_VERSION = 1.0.2;
				PRODUCT_BUNDLE_IDENTIFIER = com.ometria.Ometria;
				PRODUCT_NAME = "$(TARGET_NAME:c99extidentifier)";
				SKIP_INSTALL = YES;
				SWIFT_VERSION = 5.0;
				TARGETED_DEVICE_FAMILY = "1,2";
			};
			name = Release;
		};
/* End XCBuildConfiguration section */

/* Begin XCConfigurationList section */
		4EDB18EB24B5E9D500CFE550 /* Build configuration list for PBXProject "Ometria" */ = {
			isa = XCConfigurationList;
			buildConfigurations = (
				4EDB190324B5E9D600CFE550 /* Debug */,
				4EDB190424B5E9D600CFE550 /* Release */,
			);
			defaultConfigurationIsVisible = 0;
			defaultConfigurationName = Release;
		};
		4EDB190524B5E9D600CFE550 /* Build configuration list for PBXNativeTarget "Ometria" */ = {
			isa = XCConfigurationList;
			buildConfigurations = (
				4EDB190624B5E9D600CFE550 /* Debug */,
				4EDB190724B5E9D600CFE550 /* Release */,
			);
			defaultConfigurationIsVisible = 0;
			defaultConfigurationName = Release;
		};
/* End XCConfigurationList section */
	};
	rootObject = 4EDB18E824B5E9D500CFE550 /* Project object */;
}
